# This file is automatically @generated by Cargo.
# It is not intended for manual editing.
version = 4

[[package]]
name = "ams-proto-http"
version = "0.1.0"

[[package]]
name = "ams-proto-imap"
version = "0.1.0"

[[package]]
name = "ams-proto-pop3"
version = "0.1.0"

[[package]]
name = "ams-proto-smtp"
version = "0.1.0"

[[package]]
name = "ams-rt"
version = "0.1.0"

[[package]]
name = "ams-rt-std"
version = "0.1.0"
dependencies = [
 "ams-rt",
]

[[package]]
name = "ams-server"
version = "0.1.0"
dependencies = [
 "ams-proto-http",
 "ams-proto-imap",
 "ams-proto-pop3",
 "ams-proto-smtp",
 "ams-rt",
 "ams-rt-std",
 "ams-store",
]

[[package]]
name = "ams-store"
version = "0.1.0"
