# This file is automatically @generated by Cargo.
# It is not intended for manual editing.
version = 4

[[package]]
name = "ams-admin"
version = "0.1.0"

[[package]]
name = "ams-config"
version = "0.1.0"

[[package]]
name = "ams-dkim"
version = "0.1.0"

[[package]]
name = "ams-dmarc"
version = "0.1.0"

[[package]]
name = "ams-guard"
version = "0.1.0"

[[package]]
name = "ams-index"
version = "0.1.0"

[[package]]
name = "ams-loop-tokio"
version = "0.1.0"

[[package]]
name = "ams-mime"
version = "0.1.0"

[[package]]
name = "ams-proto-http"
version = "0.1.0"

[[package]]
name = "ams-proto-imap"
version = "0.1.0"

[[package]]
name = "ams-proto-pop3"
version = "0.1.0"

[[package]]
name = "ams-proto-smtp"
version = "0.1.0"

[[package]]
name = "ams-server"
version = "0.1.0"

[[package]]
name = "ams-session"
version = "0.1.0"

[[package]]
name = "ams-spf"
version = "0.1.0"

[[package]]
name = "ams-store"
version = "0.1.0"

[[package]]
name = "ams-tls"
version = "0.1.0"
